# This file was autogenerated by Stack.
# You should not edit this file by hand.
# For more information, please see the documentation at:
#   https://docs.haskellstack.org/en/stable/lock_files

packages:
- completed:
    size: 12048
    subdir: managed-functions
    url: https://github.com/martin-bednar/managed-functions/archive/0a3c03c3f4cecb124ee6a9eceab40a99a0a81d65.tar.gz
    name: managed-functions
    version: 1.0.0
    sha256: ada5f8a406bca3098f414f4c553ed75a87522b21e5a4169427df4826171ef741
    pantry-tree:
      size: 1614
      sha256: d24a6df515c290359cd804e8991e133278b20e5c403444f51495ec89d5ad59bf
  original:
    subdir: managed-functions
    url: https://github.com/martin-bednar/managed-functions/archive/0a3c03c3f4cecb124ee6a9eceab40a99a0a81d65.tar.gz
- completed:
    size: 12048
    subdir: managed-functions-http-connector
    url: https://github.com/martin-bednar/managed-functions/archive/0a3c03c3f4cecb124ee6a9eceab40a99a0a81d65.tar.gz
    name: managed-functions-http-connector
    version: 1.0.0
    sha256: ada5f8a406bca3098f414f4c553ed75a87522b21e5a4169427df4826171ef741
    pantry-tree:
      size: 544
      sha256: abdf84a9dd2e23084cd4dfbe8db2cd5e255975fda2448b001261c5b06e82d2a9
  original:
    subdir: managed-functions-http-connector
    url: https://github.com/martin-bednar/managed-functions/archive/0a3c03c3f4cecb124ee6a9eceab40a99a0a81d65.tar.gz
snapshots:
- completed:
    size: 586296
    url: https://raw.githubusercontent.com/commercialhaskell/stackage-snapshots/master/lts/18/18.yaml
    sha256: 63539429076b7ebbab6daa7656cfb079393bf644971156dc349d7c0453694ac2
  original: lts-18.18
